{
  "object": {
    "pins": [
      {
        "package": "BoostBLEKit",
        "repositoryURL": "https://github.com/bricklife/BoostBLEKit.git",
        "state": {
          "branch": null,
          "revision": "dd01e0cc61c82fb42eca5e57c1138ab48e231128",
          "version": "3.4.0"
        }
      },
      {
        "package": "ReactiveSwift",
        "repositoryURL": "https://github.com/ReactiveCocoa/ReactiveSwift.git",
        "state": {
          "branch": null,
          "revision": "4a8e1e4a683e96daf658f68132dae781738bc862",
          "version": "6.6.0"
        }
      },
      {
        "package": "ReSwift",
        "repositoryURL": "https://github.com/ReSwift/ReSwift.git",
        "state": {
          "branch": null,
          "revision": "26d3095bdf55f093501bf3a749bb2718bab671b3",
          "version": "6.0.0"
        }
      }
    ]
  },
  "version": 1
}
