// !$*UTF8*$!
{
	archiveVersion = 1;
	classes = {
	};
	objectVersion = 52;
	objects = {

/* Begin PBXBuildFile section */
		CB0BF7E51F8BD873004CCD4F /* VerticalSlider.swift in Sources */ = {isa = PBXBuildFile; fileRef = CB0BF7E41F8BD873004CCD4F /* VerticalSlider.swift */; };
		CB0BF7E71F8BDD30004CCD4F /* StickView.swift in Sources */ = {isa = PBXBuildFile; fileRef = CB0BF7E61F8BDD30004CCD4F /* StickView.swift */; };
		CB2276C5236C292A008C1307 /* UIColor+Extension.swift in Sources */ = {isa = PBXBuildFile; fileRef = CB2276C4236C292A008C1307 /* UIColor+Extension.swift */; };
		CB312AF92564BB300057368F /* BoostBLEKit in Frameworks */ = {isa = PBXBuildFile; productRef = CB312AF82564BB300057368F /* BoostBLEKit */; };
		CB312AFC2564BB490057368F /* ReSwift in Frameworks */ = {isa = PBXBuildFile; productRef = CB312AFB2564BB490057368F /* ReSwift */; };
		CB312AFF2564BB710057368F /* ReactiveSwift in Frameworks */ = {isa = PBXBuildFile; productRef = CB312AFE2564BB710057368F /* ReactiveSwift */; };
		CB385A4A1F4E35210061EBE4 /* Settings.bundle in Resources */ = {isa = PBXBuildFile; fileRef = CB385A491F4E35210061EBE4 /* Settings.bundle */; };
		CB3BE8B11F2FF2F4000561F7 /* AppDelegate.swift in Sources */ = {isa = PBXBuildFile; fileRef = CB3BE8B01F2FF2F4000561F7 /* AppDelegate.swift */; };
		CB3BE8B31F2FF2F4000561F7 /* ControllerViewController.swift in Sources */ = {isa = PBXBuildFile; fileRef = CB3BE8B21F2FF2F4000561F7 /* ControllerViewController.swift */; };
		CB3BE8B61F2FF2F4000561F7 /* Main.storyboard in Resources */ = {isa = PBXBuildFile; fileRef = CB3BE8B41F2FF2F4000561F7 /* Main.storyboard */; };
		CB3BE8B81F2FF2F4000561F7 /* Assets.xcassets in Resources */ = {isa = PBXBuildFile; fileRef = CB3BE8B71F2FF2F4000561F7 /* Assets.xcassets */; };
		CB3BE8BB1F2FF2F4000561F7 /* LaunchScreen.storyboard in Resources */ = {isa = PBXBuildFile; fileRef = CB3BE8B91F2FF2F4000561F7 /* LaunchScreen.storyboard */; };
		CB44B8531F73C11400D0D250 /* Store.swift in Sources */ = {isa = PBXBuildFile; fileRef = CB44B8521F73C11400D0D250 /* Store.swift */; };
		CB547EBB201A62A400B00D8C /* TwinSticksViewController.swift in Sources */ = {isa = PBXBuildFile; fileRef = CB547EBA201A62A400B00D8C /* TwinSticksViewController.swift */; };
		CB547EBD201B5C3D00B00D8C /* JoystickViewController.swift in Sources */ = {isa = PBXBuildFile; fileRef = CB547EBC201B5C3D00B00D8C /* JoystickViewController.swift */; };
		CB5891F1200D2C8700E15F92 /* Localizable.strings in Resources */ = {isa = PBXBuildFile; fileRef = CB5891F3200D2C8700E15F92 /* Localizable.strings */; };
		CB5891F9200D2DF300E15F92 /* InfoPlist.strings in Resources */ = {isa = PBXBuildFile; fileRef = CB5891FB200D2DF300E15F92 /* InfoPlist.strings */; };
		CB70D813201A82D500EAB1D6 /* FeedbackGenerator.swift in Sources */ = {isa = PBXBuildFile; fileRef = CB70D812201A82D500EAB1D6 /* FeedbackGenerator.swift */; };
		CB7390C9201AB89900EAE3A7 /* UIImage+Extension.swift in Sources */ = {isa = PBXBuildFile; fileRef = CB7390C8201AB89900EAE3A7 /* UIImage+Extension.swift */; };
		CB84A382201BA3D300C02CD8 /* JoystickView.swift in Sources */ = {isa = PBXBuildFile; fileRef = CB84A381201BA3D300C02CD8 /* JoystickView.swift */; };
		CB8C7EB4201FEF6500274A09 /* SettingsViewController.swift in Sources */ = {isa = PBXBuildFile; fileRef = CB8C7EB3201FEF6500274A09 /* SettingsViewController.swift */; };
		CBC72DFA201AC35C00ABE096 /* Controller.swift in Sources */ = {isa = PBXBuildFile; fileRef = CBC72DF9201AC35C00ABE096 /* Controller.swift */; };
		CBD94E841F391B3F0037ED71 /* State.swift in Sources */ = {isa = PBXBuildFile; fileRef = CBD94E831F391B3F0037ED71 /* State.swift */; };
		CBD94E861F391D7F0037ED71 /* Action.swift in Sources */ = {isa = PBXBuildFile; fileRef = CBD94E851F391D7F0037ED71 /* Action.swift */; };
		CBD94E881F391E2E0037ED71 /* Reducer.swift in Sources */ = {isa = PBXBuildFile; fileRef = CBD94E871F391E2E0037ED71 /* Reducer.swift */; };
		CBF9D2B91F3CACA800B97E11 /* MoveHubManager.swift in Sources */ = {isa = PBXBuildFile; fileRef = CBF9D2B81F3CACA800B97E11 /* MoveHubManager.swift */; };
		CBF9D2D61F3CB52800B97E11 /* MoveHubService.swift in Sources */ = {isa = PBXBuildFile; fileRef = CBF9D2D51F3CB52800B97E11 /* MoveHubService.swift */; };
		CBF9D2F61F3CDAC700B97E11 /* Data+HexString.swift in Sources */ = {isa = PBXBuildFile; fileRef = CBF9D2F51F3CDAC700B97E11 /* Data+HexString.swift */; };
/* End PBXBuildFile section */

/* Begin PBXCopyFilesBuildPhase section */
		CB3BE8CB1F2FF3AC000561F7 /* Embed Frameworks */ = {
			isa = PBXCopyFilesBuildPhase;
			buildActionMask = 2147483647;
			dstPath = "";
			dstSubfolderSpec = 10;
			files = (
			);
			name = "Embed Frameworks";
			runOnlyForDeploymentPostprocessing = 0;
		};
/* End PBXCopyFilesBuildPhase section */

/* Begin PBXFileReference section */
		CB0BF7E41F8BD873004CCD4F /* VerticalSlider.swift */ = {isa = PBXFileReference; lastKnownFileType = sourcecode.swift; path = VerticalSlider.swift; sourceTree = "<group>"; };
		CB0BF7E61F8BDD30004CCD4F /* StickView.swift */ = {isa = PBXFileReference; lastKnownFileType = sourcecode.swift; path = StickView.swift; sourceTree = "<group>"; };
		CB2276C4236C292A008C1307 /* UIColor+Extension.swift */ = {isa = PBXFileReference; lastKnownFileType = sourcecode.swift; path = "UIColor+Extension.swift"; sourceTree = "<group>"; };
		CB28BF14208A2C9700F5C15B /* ja */ = {isa = PBXFileReference; lastKnownFileType = text.plist.strings; name = ja; path = ja.lproj/Main.strings; sourceTree = "<group>"; };
		CB385A491F4E35210061EBE4 /* Settings.bundle */ = {isa = PBXFileReference; lastKnownFileType = "wrapper.plug-in"; path = Settings.bundle; sourceTree = "<group>"; };
		CB3BE8AD1F2FF2F4000561F7 /* BoostRemote.app */ = {isa = PBXFileReference; explicitFileType = wrapper.application; includeInIndex = 0; path = BoostRemote.app; sourceTree = BUILT_PRODUCTS_DIR; };
		CB3BE8B01F2FF2F4000561F7 /* AppDelegate.swift */ = {isa = PBXFileReference; lastKnownFileType = sourcecode.swift; path = AppDelegate.swift; sourceTree = "<group>"; };
		CB3BE8B21F2FF2F4000561F7 /* ControllerViewController.swift */ = {isa = PBXFileReference; lastKnownFileType = sourcecode.swift; path = ControllerViewController.swift; sourceTree = "<group>"; };
		CB3BE8B51F2FF2F4000561F7 /* Base */ = {isa = PBXFileReference; lastKnownFileType = file.storyboard; name = Base; path = Base.lproj/Main.storyboard; sourceTree = "<group>"; };
		CB3BE8B71F2FF2F4000561F7 /* Assets.xcassets */ = {isa = PBXFileReference; lastKnownFileType = folder.assetcatalog; path = Assets.xcassets; sourceTree = "<group>"; };
		CB3BE8BA1F2FF2F4000561F7 /* Base */ = {isa = PBXFileReference; lastKnownFileType = file.storyboard; name = Base; path = Base.lproj/LaunchScreen.storyboard; sourceTree = "<group>"; };
		CB3BE8BC1F2FF2F4000561F7 /* Info.plist */ = {isa = PBXFileReference; lastKnownFileType = text.plist.xml; path = Info.plist; sourceTree = "<group>"; };
		CB44B8521F73C11400D0D250 /* Store.swift */ = {isa = PBXFileReference; lastKnownFileType = sourcecode.swift; path = Store.swift; sourceTree = "<group>"; };
		CB547EBA201A62A400B00D8C /* TwinSticksViewController.swift */ = {isa = PBXFileReference; lastKnownFileType = sourcecode.swift; path = TwinSticksViewController.swift; sourceTree = "<group>"; };
		CB547EBC201B5C3D00B00D8C /* JoystickViewController.swift */ = {isa = PBXFileReference; lastKnownFileType = sourcecode.swift; path = JoystickViewController.swift; sourceTree = "<group>"; };
		CB5891F4200D2CEA00E15F92 /* ja */ = {isa = PBXFileReference; lastKnownFileType = text.plist.strings; name = ja; path = ja.lproj/Localizable.strings; sourceTree = "<group>"; };
		CB5891FA200D2DF300E15F92 /* ja */ = {isa = PBXFileReference; lastKnownFileType = text.plist.strings; name = ja; path = ja.lproj/InfoPlist.strings; sourceTree = "<group>"; };
		CB70D812201A82D500EAB1D6 /* FeedbackGenerator.swift */ = {isa = PBXFileReference; lastKnownFileType = sourcecode.swift; path = FeedbackGenerator.swift; sourceTree = "<group>"; };
		CB7390C8201AB89900EAE3A7 /* UIImage+Extension.swift */ = {isa = PBXFileReference; lastKnownFileType = sourcecode.swift; path = "UIImage+Extension.swift"; sourceTree = "<group>"; };
		CB84A381201BA3D300C02CD8 /* JoystickView.swift */ = {isa = PBXFileReference; lastKnownFileType = sourcecode.swift; path = JoystickView.swift; sourceTree = "<group>"; };
		CB8C7EB3201FEF6500274A09 /* SettingsViewController.swift */ = {isa = PBXFileReference; fileEncoding = 4; lastKnownFileType = sourcecode.swift; path = SettingsViewController.swift; sourceTree = "<group>"; };
		CBC72DF9201AC35C00ABE096 /* Controller.swift */ = {isa = PBXFileReference; lastKnownFileType = sourcecode.swift; path = Controller.swift; sourceTree = "<group>"; };
		CBD94E831F391B3F0037ED71 /* State.swift */ = {isa = PBXFileReference; fileEncoding = 4; lastKnownFileType = sourcecode.swift; path = State.swift; sourceTree = "<group>"; };
		CBD94E851F391D7F0037ED71 /* Action.swift */ = {isa = PBXFileReference; fileEncoding = 4; lastKnownFileType = sourcecode.swift; path = Action.swift; sourceTree = "<group>"; };
		CBD94E871F391E2E0037ED71 /* Reducer.swift */ = {isa = PBXFileReference; fileEncoding = 4; lastKnownFileType = sourcecode.swift; path = Reducer.swift; sourceTree = "<group>"; };
		CBF9D2B81F3CACA800B97E11 /* MoveHubManager.swift */ = {isa = PBXFileReference; fileEncoding = 4; lastKnownFileType = sourcecode.swift; path = MoveHubManager.swift; sourceTree = "<group>"; };
		CBF9D2D51F3CB52800B97E11 /* MoveHubService.swift */ = {isa = PBXFileReference; fileEncoding = 4; lastKnownFileType = sourcecode.swift; path = MoveHubService.swift; sourceTree = "<group>"; };
		CBF9D2F51F3CDAC700B97E11 /* Data+HexString.swift */ = {isa = PBXFileReference; fileEncoding = 4; lastKnownFileType = sourcecode.swift; path = "Data+HexString.swift"; sourceTree = "<group>"; };
		DC1E38F82111EE2D00DA9522 /* de */ = {isa = PBXFileReference; lastKnownFileType = text.plist.strings; name = de; path = de.lproj/InfoPlist.strings; sourceTree = "<group>"; };
		DC1E38FC2111EE8100DA9522 /* de */ = {isa = PBXFileReference; lastKnownFileType = text.plist.strings; name = de; path = de.lproj/Main.strings; sourceTree = "<group>"; };
		DCEE1D2B2111EDFC00FFCFAF /* de */ = {isa = PBXFileReference; lastKnownFileType = text.plist.strings; name = de; path = de.lproj/Localizable.strings; sourceTree = "<group>"; };
/* End PBXFileReference section */

/* Begin PBXFrameworksBuildPhase section */
		CB3BE8AA1F2FF2F4000561F7 /* Frameworks */ = {
			isa = PBXFrameworksBuildPhase;
			buildActionMask = 2147483647;
			files = (
				CB312AF92564BB300057368F /* BoostBLEKit in Frameworks */,
				CB312AFF2564BB710057368F /* ReactiveSwift in Frameworks */,
				CB312AFC2564BB490057368F /* ReSwift in Frameworks */,
			);
			runOnlyForDeploymentPostprocessing = 0;
		};
/* End PBXFrameworksBuildPhase section */

/* Begin PBXGroup section */
		CB3BE8A41F2FF2F4000561F7 = {
			isa = PBXGroup;
			children = (
				CB3BE8AF1F2FF2F4000561F7 /* BoostRemote */,
				CB3BE8AE1F2FF2F4000561F7 /* Products */,
			);
			sourceTree = "<group>";
		};
		CB3BE8AE1F2FF2F4000561F7 /* Products */ = {
			isa = PBXGroup;
			children = (
				CB3BE8AD1F2FF2F4000561F7 /* BoostRemote.app */,
			);
			name = Products;
			sourceTree = "<group>";
		};
		CB3BE8AF1F2FF2F4000561F7 /* BoostRemote */ = {
			isa = PBXGroup;
			children = (
				CB3BE8B01F2FF2F4000561F7 /* AppDelegate.swift */,
				CB3BE8B41F2FF2F4000561F7 /* Main.storyboard */,
				CB8C7EB3201FEF6500274A09 /* SettingsViewController.swift */,
				CB3BE8B21F2FF2F4000561F7 /* ControllerViewController.swift */,
				CBC72DF9201AC35C00ABE096 /* Controller.swift */,
				CB547EBA201A62A400B00D8C /* TwinSticksViewController.swift */,
				CB547EBC201B5C3D00B00D8C /* JoystickViewController.swift */,
				CB0BF7E41F8BD873004CCD4F /* VerticalSlider.swift */,
				CB0BF7E61F8BDD30004CCD4F /* StickView.swift */,
				CB84A381201BA3D300C02CD8 /* JoystickView.swift */,
				CB7390C8201AB89900EAE3A7 /* UIImage+Extension.swift */,
				CB2276C4236C292A008C1307 /* UIColor+Extension.swift */,
				CB70D812201A82D500EAB1D6 /* FeedbackGenerator.swift */,
				CBF9D2B81F3CACA800B97E11 /* MoveHubManager.swift */,
				CBF9D2D51F3CB52800B97E11 /* MoveHubService.swift */,
				CBF9D2F51F3CDAC700B97E11 /* Data+HexString.swift */,
				CBF9D2D81F3CB63300B97E11 /* Redux */,
				CB3BE8B71F2FF2F4000561F7 /* Assets.xcassets */,
				CB3BE8B91F2FF2F4000561F7 /* LaunchScreen.storyboard */,
				CB5891F3200D2C8700E15F92 /* Localizable.strings */,
				CB385A491F4E35210061EBE4 /* Settings.bundle */,
				CB3BE8BC1F2FF2F4000561F7 /* Info.plist */,
				CB5891FB200D2DF300E15F92 /* InfoPlist.strings */,
			);
			path = BoostRemote;
			sourceTree = "<group>";
		};
		CBF9D2D81F3CB63300B97E11 /* Redux */ = {
			isa = PBXGroup;
			children = (
				CBD94E851F391D7F0037ED71 /* Action.swift */,
				CBD94E871F391E2E0037ED71 /* Reducer.swift */,
				CBD94E831F391B3F0037ED71 /* State.swift */,
				CB44B8521F73C11400D0D250 /* Store.swift */,
			);
			name = Redux;
			sourceTree = "<group>";
		};
/* End PBXGroup section */

/* Begin PBXNativeTarget section */
		CB3BE8AC1F2FF2F4000561F7 /* BoostRemote */ = {
			isa = PBXNativeTarget;
			buildConfigurationList = CB3BE8BF1F2FF2F4000561F7 /* Build configuration list for PBXNativeTarget "BoostRemote" */;
			buildPhases = (
				CB3BE8A91F2FF2F4000561F7 /* Sources */,
				CB3BE8AA1F2FF2F4000561F7 /* Frameworks */,
				CB3BE8AB1F2FF2F4000561F7 /* Resources */,
				CB3BE8CB1F2FF3AC000561F7 /* Embed Frameworks */,
			);
			buildRules = (
			);
			dependencies = (
			);
			name = BoostRemote;
			packageProductDependencies = (
				CB312AF82564BB300057368F /* BoostBLEKit */,
				CB312AFB2564BB490057368F /* ReSwift */,
				CB312AFE2564BB710057368F /* ReactiveSwift */,
			);
			productName = BoostRemote;
			productReference = CB3BE8AD1F2FF2F4000561F7 /* BoostRemote.app */;
			productType = "com.apple.product-type.application";
		};
/* End PBXNativeTarget section */

/* Begin PBXProject section */
		CB3BE8A51F2FF2F4000561F7 /* Project object */ = {
			isa = PBXProject;
			attributes = {
				LastSwiftUpdateCheck = 0830;
				LastUpgradeCheck = 0930;
				ORGANIZATIONNAME = bricklife.com;
				TargetAttributes = {
					CB3BE8AC1F2FF2F4000561F7 = {
						CreatedOnToolsVersion = 8.3.3;
						DevelopmentTeam = UV6TAX3ANB;
						LastSwiftMigration = 1020;
						ProvisioningStyle = Automatic;
					};
				};
			};
			buildConfigurationList = CB3BE8A81F2FF2F4000561F7 /* Build configuration list for PBXProject "BoostRemote" */;
			compatibilityVersion = "Xcode 3.2";
			developmentRegion = en;
			hasScannedForEncodings = 0;
			knownRegions = (
				en,
				Base,
				ja,
				de,
			);
			mainGroup = CB3BE8A41F2FF2F4000561F7;
			packageReferences = (
				CB312AF72564BB300057368F /* XCRemoteSwiftPackageReference "BoostBLEKit" */,
				CB312AFA2564BB490057368F /* XCRemoteSwiftPackageReference "ReSwift" */,
				CB312AFD2564BB710057368F /* XCRemoteSwiftPackageReference "ReactiveSwift" */,
			);
			productRefGroup = CB3BE8AE1F2FF2F4000561F7 /* Products */;
			projectDirPath = "";
			projectRoot = "";
			targets = (
				CB3BE8AC1F2FF2F4000561F7 /* BoostRemote */,
			);
		};
/* End PBXProject section */

/* Begin PBXResourcesBuildPhase section */
		CB3BE8AB1F2FF2F4000561F7 /* Resources */ = {
			isa = PBXResourcesBuildPhase;
			buildActionMask = 2147483647;
			files = (
				CB5891F1200D2C8700E15F92 /* Localizable.strings in Resources */,
				CB5891F9200D2DF300E15F92 /* InfoPlist.strings in Resources */,
				CB3BE8BB1F2FF2F4000561F7 /* LaunchScreen.storyboard in Resources */,
				CB3BE8B81F2FF2F4000561F7 /* Assets.xcassets in Resources */,
				CB385A4A1F4E35210061EBE4 /* Settings.bundle in Resources */,
				CB3BE8B61F2FF2F4000561F7 /* Main.storyboard in Resources */,
			);
			runOnlyForDeploymentPostprocessing = 0;
		};
/* End PBXResourcesBuildPhase section */

/* Begin PBXSourcesBuildPhase section */
		CB3BE8A91F2FF2F4000561F7 /* Sources */ = {
			isa = PBXSourcesBuildPhase;
			buildActionMask = 2147483647;
			files = (
				CBC72DFA201AC35C00ABE096 /* Controller.swift in Sources */,
				CB2276C5236C292A008C1307 /* UIColor+Extension.swift in Sources */,
				CBF9D2B91F3CACA800B97E11 /* MoveHubManager.swift in Sources */,
				CB7390C9201AB89900EAE3A7 /* UIImage+Extension.swift in Sources */,
				CB3BE8B31F2FF2F4000561F7 /* ControllerViewController.swift in Sources */,
				CB0BF7E51F8BD873004CCD4F /* VerticalSlider.swift in Sources */,
				CB8C7EB4201FEF6500274A09 /* SettingsViewController.swift in Sources */,
				CB0BF7E71F8BDD30004CCD4F /* StickView.swift in Sources */,
				CB547EBD201B5C3D00B00D8C /* JoystickViewController.swift in Sources */,
				CBD94E861F391D7F0037ED71 /* Action.swift in Sources */,
				CB547EBB201A62A400B00D8C /* TwinSticksViewController.swift in Sources */,
				CB3BE8B11F2FF2F4000561F7 /* AppDelegate.swift in Sources */,
				CB70D813201A82D500EAB1D6 /* FeedbackGenerator.swift in Sources */,
				CBF9D2F61F3CDAC700B97E11 /* Data+HexString.swift in Sources */,
				CB44B8531F73C11400D0D250 /* Store.swift in Sources */,
				CBD94E881F391E2E0037ED71 /* Reducer.swift in Sources */,
				CB84A382201BA3D300C02CD8 /* JoystickView.swift in Sources */,
				CBD94E841F391B3F0037ED71 /* State.swift in Sources */,
				CBF9D2D61F3CB52800B97E11 /* MoveHubService.swift in Sources */,
			);
			runOnlyForDeploymentPostprocessing = 0;
		};
/* End PBXSourcesBuildPhase section */

/* Begin PBXVariantGroup section */
		CB3BE8B41F2FF2F4000561F7 /* Main.storyboard */ = {
			isa = PBXVariantGroup;
			children = (
				CB3BE8B51F2FF2F4000561F7 /* Base */,
				CB28BF14208A2C9700F5C15B /* ja */,
				DC1E38FC2111EE8100DA9522 /* de */,
			);
			name = Main.storyboard;
			sourceTree = "<group>";
		};
		CB3BE8B91F2FF2F4000561F7 /* LaunchScreen.storyboard */ = {
			isa = PBXVariantGroup;
			children = (
				CB3BE8BA1F2FF2F4000561F7 /* Base */,
			);
			name = LaunchScreen.storyboard;
			sourceTree = "<group>";
		};
		CB5891F3200D2C8700E15F92 /* Localizable.strings */ = {
			isa = PBXVariantGroup;
			children = (
				CB5891F4200D2CEA00E15F92 /* ja */,
				DCEE1D2B2111EDFC00FFCFAF /* de */,
			);
			name = Localizable.strings;
			sourceTree = "<group>";
		};
		CB5891FB200D2DF300E15F92 /* InfoPlist.strings */ = {
			isa = PBXVariantGroup;
			children = (
				CB5891FA200D2DF300E15F92 /* ja */,
				DC1E38F82111EE2D00DA9522 /* de */,
			);
			name = InfoPlist.strings;
			sourceTree = "<group>";
		};
/* End PBXVariantGroup section */

/* Begin XCBuildConfiguration section */
		CB3BE8BD1F2FF2F4000561F7 /* Debug */ = {
			isa = XCBuildConfiguration;
			buildSettings = {
				ALWAYS_SEARCH_USER_PATHS = NO;
				CLANG_ANALYZER_LOCALIZABILITY_NONLOCALIZED = YES;
				CLANG_ANALYZER_NONNULL = YES;
				CLANG_ANALYZER_NUMBER_OBJECT_CONVERSION = YES_AGGRESSIVE;
				CLANG_CXX_LANGUAGE_STANDARD = "gnu++0x";
				CLANG_CXX_LIBRARY = "libc++";
				CLANG_ENABLE_MODULES = YES;
				CLANG_ENABLE_OBJC_ARC = YES;
				CLANG_WARN_BLOCK_CAPTURE_AUTORELEASING = YES;
				CLANG_WARN_BOOL_CONVERSION = YES;
				CLANG_WARN_COMMA = YES;
				CLANG_WARN_CONSTANT_CONVERSION = YES;
				CLANG_WARN_DEPRECATED_OBJC_IMPLEMENTATIONS = YES;
				CLANG_WARN_DIRECT_OBJC_ISA_USAGE = YES_ERROR;
				CLANG_WARN_DOCUMENTATION_COMMENTS = YES;
				CLANG_WARN_EMPTY_BODY = YES;
				CLANG_WARN_ENUM_CONVERSION = YES;
				CLANG_WARN_INFINITE_RECURSION = YES;
				CLANG_WARN_INT_CONVERSION = YES;
				CLANG_WARN_NON_LITERAL_NULL_CONVERSION = YES;
				CLANG_WARN_OBJC_IMPLICIT_RETAIN_SELF = YES;
				CLANG_WARN_OBJC_LITERAL_CONVERSION = YES;
				CLANG_WARN_OBJC_ROOT_CLASS = YES_ERROR;
				CLANG_WARN_RANGE_LOOP_ANALYSIS = YES;
				CLANG_WARN_STRICT_PROTOTYPES = YES;
				CLANG_WARN_SUSPICIOUS_MOVE = YES;
				CLANG_WARN_UNREACHABLE_CODE = YES;
				CLANG_WARN__DUPLICATE_METHOD_MATCH = YES;
				"CODE_SIGN_IDENTITY[sdk=iphoneos*]" = "iPhone Developer";
				COPY_PHASE_STRIP = NO;
				DEBUG_INFORMATION_FORMAT = dwarf;
				ENABLE_STRICT_OBJC_MSGSEND = YES;
				ENABLE_TESTABILITY = YES;
				GCC_C_LANGUAGE_STANDARD = gnu99;
				GCC_DYNAMIC_NO_PIC = NO;
				GCC_NO_COMMON_BLOCKS = YES;
				GCC_OPTIMIZATION_LEVEL = 0;
				GCC_PREPROCESSOR_DEFINITIONS = (
					"DEBUG=1",
					"$(inherited)",
				);
				GCC_WARN_64_TO_32_BIT_CONVERSION = YES;
				GCC_WARN_ABOUT_RETURN_TYPE = YES_ERROR;
				GCC_WARN_UNDECLARED_SELECTOR = YES;
				GCC_WARN_UNINITIALIZED_AUTOS = YES_AGGRESSIVE;
				GCC_WARN_UNUSED_FUNCTION = YES;
				GCC_WARN_UNUSED_VARIABLE = YES;
				IPHONEOS_DEPLOYMENT_TARGET = 9.0;
				MTL_ENABLE_DEBUG_INFO = YES;
				ONLY_ACTIVE_ARCH = YES;
				SDKROOT = iphoneos;
				SWIFT_ACTIVE_COMPILATION_CONDITIONS = DEBUG;
				SWIFT_OPTIMIZATION_LEVEL = "-Onone";
				SWIFT_VERSION = 5.0;
				TARGETED_DEVICE_FAMILY = "1,2";
			};
			name = Debug;
		};
		CB3BE8BE1F2FF2F4000561F7 /* Release */ = {
			isa = XCBuildConfiguration;
			buildSettings = {
				ALWAYS_SEARCH_USER_PATHS = NO;
				CLANG_ANALYZER_LOCALIZABILITY_NONLOCALIZED = YES;
				CLANG_ANALYZER_NONNULL = YES;
				CLANG_ANALYZER_NUMBER_OBJECT_CONVERSION = YES_AGGRESSIVE;
				CLANG_CXX_LANGUAGE_STANDARD = "gnu++0x";
				CLANG_CXX_LIBRARY = "libc++";
				CLANG_ENABLE_MODULES = YES;
				CLANG_ENABLE_OBJC_ARC = YES;
				CLANG_WARN_BLOCK_CAPTURE_AUTORELEASING = YES;
				CLANG_WARN_BOOL_CONVERSION = YES;
				CLANG_WARN_COMMA = YES;
				CLANG_WARN_CONSTANT_CONVERSION = YES;
				CLANG_WARN_DEPRECATED_OBJC_IMPLEMENTATIONS = YES;
				CLANG_WARN_DIRECT_OBJC_ISA_USAGE = YES_ERROR;
				CLANG_WARN_DOCUMENTATION_COMMENTS = YES;
				CLANG_WARN_EMPTY_BODY = YES;
				CLANG_WARN_ENUM_CONVERSION = YES;
				CLANG_WARN_INFINITE_RECURSION = YES;
				CLANG_WARN_INT_CONVERSION = YES;
				CLANG_WARN_NON_LITERAL_NULL_CONVERSION = YES;
				CLANG_WARN_OBJC_IMPLICIT_RETAIN_SELF = YES;
				CLANG_WARN_OBJC_LITERAL_CONVERSION = YES;
				CLANG_WARN_OBJC_ROOT_CLASS = YES_ERROR;
				CLANG_WARN_RANGE_LOOP_ANALYSIS = YES;
				CLANG_WARN_STRICT_PROTOTYPES = YES;
				CLANG_WARN_SUSPICIOUS_MOVE = YES;
				CLANG_WARN_UNREACHABLE_CODE = YES;
				CLANG_WARN__DUPLICATE_METHOD_MATCH = YES;
				"CODE_SIGN_IDENTITY[sdk=iphoneos*]" = "iPhone Developer";
				COPY_PHASE_STRIP = NO;
				DEBUG_INFORMATION_FORMAT = "dwarf-with-dsym";
				ENABLE_NS_ASSERTIONS = NO;
				ENABLE_STRICT_OBJC_MSGSEND = YES;
				GCC_C_LANGUAGE_STANDARD = gnu99;
				GCC_NO_COMMON_BLOCKS = YES;
				GCC_WARN_64_TO_32_BIT_CONVERSION = YES;
				GCC_WARN_ABOUT_RETURN_TYPE = YES_ERROR;
				GCC_WARN_UNDECLARED_SELECTOR = YES;
				GCC_WARN_UNINITIALIZED_AUTOS = YES_AGGRESSIVE;
				GCC_WARN_UNUSED_FUNCTION = YES;
				GCC_WARN_UNUSED_VARIABLE = YES;
				IPHONEOS_DEPLOYMENT_TARGET = 9.0;
				MTL_ENABLE_DEBUG_INFO = NO;
				SDKROOT = iphoneos;
				SWIFT_COMPILATION_MODE = wholemodule;
				SWIFT_OPTIMIZATION_LEVEL = "-O";
				SWIFT_VERSION = 5.0;
				TARGETED_DEVICE_FAMILY = "1,2";
				VALIDATE_PRODUCT = YES;
			};
			name = Release;
		};
		CB3BE8C01F2FF2F4000561F7 /* Debug */ = {
			isa = XCBuildConfiguration;
			buildSettings = {
				ALWAYS_EMBED_SWIFT_STANDARD_LIBRARIES = YES;
				ASSETCATALOG_COMPILER_APPICON_NAME = AppIcon;
				CURRENT_PROJECT_VERSION = 28;
				DEVELOPMENT_TEAM = UV6TAX3ANB;
				INFOPLIST_FILE = BoostRemote/Info.plist;
				LD_RUNPATH_SEARCH_PATHS = (
					"$(inherited)",
					"@executable_path/Frameworks",
				);
				MARKETING_VERSION = 1.9.0;
				PRODUCT_BUNDLE_IDENTIFIER = "com.bricklife.ios.boost-remote";
				PRODUCT_NAME = "$(TARGET_NAME)";
				TARGETED_DEVICE_FAMILY = "1,2";
			};
			name = Debug;
		};
		CB3BE8C11F2FF2F4000561F7 /* Release */ = {
			isa = XCBuildConfiguration;
			buildSettings = {
				ALWAYS_EMBED_SWIFT_STANDARD_LIBRARIES = YES;
				ASSETCATALOG_COMPILER_APPICON_NAME = AppIcon;
				CURRENT_PROJECT_VERSION = 28;
				DEVELOPMENT_TEAM = UV6TAX3ANB;
				INFOPLIST_FILE = BoostRemote/Info.plist;
				LD_RUNPATH_SEARCH_PATHS = (
					"$(inherited)",
					"@executable_path/Frameworks",
				);
				MARKETING_VERSION = 1.9.0;
				PRODUCT_BUNDLE_IDENTIFIER = "com.bricklife.ios.boost-remote";
				PRODUCT_NAME = "$(TARGET_NAME)";
				TARGETED_DEVICE_FAMILY = "1,2";
			};
			name = Release;
		};
/* End XCBuildConfiguration section */

/* Begin XCConfigurationList section */
		CB3BE8A81F2FF2F4000561F7 /* Build configuration list for PBXProject "BoostRemote" */ = {
			isa = XCConfigurationList;
			buildConfigurations = (
				CB3BE8BD1F2FF2F4000561F7 /* Debug */,
				CB3BE8BE1F2FF2F4000561F7 /* Release */,
			);
			defaultConfigurationIsVisible = 0;
			defaultConfigurationName = Release;
		};
		CB3BE8BF1F2FF2F4000561F7 /* Build configuration list for PBXNativeTarget "BoostRemote" */ = {
			isa = XCConfigurationList;
			buildConfigurations = (
				CB3BE8C01F2FF2F4000561F7 /* Debug */,
				CB3BE8C11F2FF2F4000561F7 /* Release */,
			);
			defaultConfigurationIsVisible = 0;
			defaultConfigurationName = Release;
		};
/* End XCConfigurationList section */

/* Begin XCRemoteSwiftPackageReference section */
		CB312AF72564BB300057368F /* XCRemoteSwiftPackageReference "BoostBLEKit" */ = {
			isa = XCRemoteSwiftPackageReference;
			repositoryURL = "https://github.com/bricklife/BoostBLEKit.git";
			requirement = {
				kind = upToNextMajorVersion;
				minimumVersion = 3.3.0;
			};
		};
		CB312AFA2564BB490057368F /* XCRemoteSwiftPackageReference "ReSwift" */ = {
			isa = XCRemoteSwiftPackageReference;
			repositoryURL = "https://github.com/ReSwift/ReSwift.git";
			requirement = {
				kind = upToNextMajorVersion;
				minimumVersion = 5.0.0;
			};
		};
		CB312AFD2564BB710057368F /* XCRemoteSwiftPackageReference "ReactiveSwift" */ = {
			isa = XCRemoteSwiftPackageReference;
			repositoryURL = "https://github.com/ReactiveCocoa/ReactiveSwift.git";
			requirement = {
				kind = upToNextMajorVersion;
				minimumVersion = 6.5.0;
			};
		};
/* End XCRemoteSwiftPackageReference section */

/* Begin XCSwiftPackageProductDependency section */
		CB312AF82564BB300057368F /* BoostBLEKit */ = {
			isa = XCSwiftPackageProductDependency;
			package = CB312AF72564BB300057368F /* XCRemoteSwiftPackageReference "BoostBLEKit" */;
			productName = BoostBLEKit;
		};
		CB312AFB2564BB490057368F /* ReSwift */ = {
			isa = XCSwiftPackageProductDependency;
			package = CB312AFA2564BB490057368F /* XCRemoteSwiftPackageReference "ReSwift" */;
			productName = ReSwift;
		};
		CB312AFE2564BB710057368F /* ReactiveSwift */ = {
			isa = XCSwiftPackageProductDependency;
			package = CB312AFD2564BB710057368F /* XCRemoteSwiftPackageReference "ReactiveSwift" */;
			productName = ReactiveSwift;
		};
/* End XCSwiftPackageProductDependency section */
	};
	rootObject = CB3BE8A51F2FF2F4000561F7 /* Project object */;
}
