// !$*UTF8*$!
{
	archiveVersion = 1;
	classes = {
	};
	objectVersion = 46;
	objects = {

/* Begin PBXBuildFile section */
		CB3BE8B11F2FF2F4000561F7 /* AppDelegate.swift in Sources */ = {isa = PBXBuildFile; fileRef = CB3BE8B01F2FF2F4000561F7 /* AppDelegate.swift */; };
		CB3BE8B31F2FF2F4000561F7 /* ControllerViewController.swift in Sources */ = {isa = PBXBuildFile; fileRef = CB3BE8B21F2FF2F4000561F7 /* ControllerViewController.swift */; };
		CB3BE8B61F2FF2F4000561F7 /* Main.storyboard in Resources */ = {isa = PBXBuildFile; fileRef = CB3BE8B41F2FF2F4000561F7 /* Main.storyboard */; };
		CB3BE8B81F2FF2F4000561F7 /* Assets.xcassets in Resources */ = {isa = PBXBuildFile; fileRef = CB3BE8B71F2FF2F4000561F7 /* Assets.xcassets */; };
		CB3BE8BB1F2FF2F4000561F7 /* LaunchScreen.storyboard in Resources */ = {isa = PBXBuildFile; fileRef = CB3BE8B91F2FF2F4000561F7 /* LaunchScreen.storyboard */; };
		CBA1F0F11F2FF79B0070506F /* Cartfile in Resources */ = {isa = PBXBuildFile; fileRef = CBA1F0F01F2FF79B0070506F /* Cartfile */; };
		CBA1F0F21F2FF7B40070506F /* ReactiveCocoa.framework in Frameworks */ = {isa = PBXBuildFile; fileRef = CBA1F09C1F2FF7790070506F /* ReactiveCocoa.framework */; };
		CBA1F0F31F2FF7B40070506F /* ReactiveCocoa.framework in Embed Frameworks */ = {isa = PBXBuildFile; fileRef = CBA1F09C1F2FF7790070506F /* ReactiveCocoa.framework */; settings = {ATTRIBUTES = (CodeSignOnCopy, RemoveHeadersOnCopy, ); }; };
		CBA1F0F61F2FF7B40070506F /* ReactiveSwift.framework in Frameworks */ = {isa = PBXBuildFile; fileRef = CBA1F0B41F2FF7810070506F /* ReactiveSwift.framework */; };
		CBA1F0F71F2FF7B40070506F /* ReactiveSwift.framework in Embed Frameworks */ = {isa = PBXBuildFile; fileRef = CBA1F0B41F2FF7810070506F /* ReactiveSwift.framework */; settings = {ATTRIBUTES = (CodeSignOnCopy, RemoveHeadersOnCopy, ); }; };
		CBA1F0FA1F2FF7B40070506F /* Result.framework in Frameworks */ = {isa = PBXBuildFile; fileRef = CBA1F0CC1F2FF7870070506F /* Result.framework */; };
		CBA1F0FB1F2FF7B40070506F /* Result.framework in Embed Frameworks */ = {isa = PBXBuildFile; fileRef = CBA1F0CC1F2FF7870070506F /* Result.framework */; settings = {ATTRIBUTES = (CodeSignOnCopy, RemoveHeadersOnCopy, ); }; };
		CBA1F0FE1F2FF7B40070506F /* ReSwift.framework in Frameworks */ = {isa = PBXBuildFile; fileRef = CBA1F0E11F2FF78C0070506F /* ReSwift.framework */; };
		CBA1F0FF1F2FF7B40070506F /* ReSwift.framework in Embed Frameworks */ = {isa = PBXBuildFile; fileRef = CBA1F0E11F2FF78C0070506F /* ReSwift.framework */; settings = {ATTRIBUTES = (CodeSignOnCopy, RemoveHeadersOnCopy, ); }; };
		CBD94E841F391B3F0037ED71 /* State.swift in Sources */ = {isa = PBXBuildFile; fileRef = CBD94E831F391B3F0037ED71 /* State.swift */; };
		CBD94E861F391D7F0037ED71 /* Action.swift in Sources */ = {isa = PBXBuildFile; fileRef = CBD94E851F391D7F0037ED71 /* Action.swift */; };
		CBD94E881F391E2E0037ED71 /* Reducer.swift in Sources */ = {isa = PBXBuildFile; fileRef = CBD94E871F391E2E0037ED71 /* Reducer.swift */; };
		CBD94E8A1F392C310037ED71 /* Motor.swift in Sources */ = {isa = PBXBuildFile; fileRef = CBD94E891F392C310037ED71 /* Motor.swift */; };
		CBD94E8C1F3936A60037ED71 /* Command.swift in Sources */ = {isa = PBXBuildFile; fileRef = CBD94E8B1F3936A60037ED71 /* Command.swift */; };
		CBF9D2B91F3CACA800B97E11 /* MoveHubManager.swift in Sources */ = {isa = PBXBuildFile; fileRef = CBF9D2B81F3CACA800B97E11 /* MoveHubManager.swift */; };
		CBF9D2D41F3CB0DD00B97E11 /* CoreBluetooth+Extension.swift in Sources */ = {isa = PBXBuildFile; fileRef = CBF9D2D31F3CB0DD00B97E11 /* CoreBluetooth+Extension.swift */; };
		CBF9D2D61F3CB52800B97E11 /* MoveHubService.swift in Sources */ = {isa = PBXBuildFile; fileRef = CBF9D2D51F3CB52800B97E11 /* MoveHubService.swift */; };
		CBF9D2F01F3CCA6E00B97E11 /* Port.swift in Sources */ = {isa = PBXBuildFile; fileRef = CBF9D2EF1F3CCA6E00B97E11 /* Port.swift */; };
		CBF9D2F21F3CCA8900B97E11 /* DeviceType.swift in Sources */ = {isa = PBXBuildFile; fileRef = CBF9D2F11F3CCA8900B97E11 /* DeviceType.swift */; };
		CBF9D2F41F3CCB0900B97E11 /* Notification.swift in Sources */ = {isa = PBXBuildFile; fileRef = CBF9D2F31F3CCB0900B97E11 /* Notification.swift */; };
/* End PBXBuildFile section */

/* Begin PBXContainerItemProxy section */
		CBA1F0971F2FF7790070506F /* PBXContainerItemProxy */ = {
			isa = PBXContainerItemProxy;
			containerPortal = CBA1F08D1F2FF7790070506F /* ReactiveCocoa.xcodeproj */;
			proxyType = 2;
			remoteGlobalIDString = D04725EA19E49ED7006002AA;
			remoteInfo = "ReactiveCocoa-macOS";
		};
		CBA1F0991F2FF7790070506F /* PBXContainerItemProxy */ = {
			isa = PBXContainerItemProxy;
			containerPortal = CBA1F08D1F2FF7790070506F /* ReactiveCocoa.xcodeproj */;
			proxyType = 2;
			remoteGlobalIDString = D04725F519E49ED7006002AA;
			remoteInfo = "ReactiveCocoa-macOSTests";
		};
		CBA1F09B1F2FF7790070506F /* PBXContainerItemProxy */ = {
			isa = PBXContainerItemProxy;
			containerPortal = CBA1F08D1F2FF7790070506F /* ReactiveCocoa.xcodeproj */;
			proxyType = 2;
			remoteGlobalIDString = D047260C19E49F82006002AA;
			remoteInfo = "ReactiveCocoa-iOS";
		};
		CBA1F09D1F2FF7790070506F /* PBXContainerItemProxy */ = {
			isa = PBXContainerItemProxy;
			containerPortal = CBA1F08D1F2FF7790070506F /* ReactiveCocoa.xcodeproj */;
			proxyType = 2;
			remoteGlobalIDString = D047261619E49F82006002AA;
			remoteInfo = "ReactiveCocoa-iOSTests";
		};
		CBA1F09F1F2FF7790070506F /* PBXContainerItemProxy */ = {
			isa = PBXContainerItemProxy;
			containerPortal = CBA1F08D1F2FF7790070506F /* ReactiveCocoa.xcodeproj */;
			proxyType = 2;
			remoteGlobalIDString = A9B315541B3940610001CB9C;
			remoteInfo = "ReactiveCocoa-watchOS";
		};
		CBA1F0A11F2FF7790070506F /* PBXContainerItemProxy */ = {
			isa = PBXContainerItemProxy;
			containerPortal = CBA1F08D1F2FF7790070506F /* ReactiveCocoa.xcodeproj */;
			proxyType = 2;
			remoteGlobalIDString = 57A4D2411BA13D7A00F7D4B1;
			remoteInfo = "ReactiveCocoa-tvOS";
		};
		CBA1F0A31F2FF7790070506F /* PBXContainerItemProxy */ = {
			isa = PBXContainerItemProxy;
			containerPortal = CBA1F08D1F2FF7790070506F /* ReactiveCocoa.xcodeproj */;
			proxyType = 2;
			remoteGlobalIDString = 7DFBED031CDB8C9500EE435B;
			remoteInfo = "ReactiveCocoa-tvOSTests";
		};
		CBA1F0AF1F2FF7810070506F /* PBXContainerItemProxy */ = {
			isa = PBXContainerItemProxy;
			containerPortal = CBA1F0A51F2FF7810070506F /* ReactiveSwift.xcodeproj */;
			proxyType = 2;
			remoteGlobalIDString = D04725EA19E49ED7006002AA;
			remoteInfo = "ReactiveSwift-macOS";
		};
		CBA1F0B11F2FF7810070506F /* PBXContainerItemProxy */ = {
			isa = PBXContainerItemProxy;
			containerPortal = CBA1F0A51F2FF7810070506F /* ReactiveSwift.xcodeproj */;
			proxyType = 2;
			remoteGlobalIDString = D04725F519E49ED7006002AA;
			remoteInfo = "ReactiveSwift-macOSTests";
		};
		CBA1F0B31F2FF7810070506F /* PBXContainerItemProxy */ = {
			isa = PBXContainerItemProxy;
			containerPortal = CBA1F0A51F2FF7810070506F /* ReactiveSwift.xcodeproj */;
			proxyType = 2;
			remoteGlobalIDString = D047260C19E49F82006002AA;
			remoteInfo = "ReactiveSwift-iOS";
		};
		CBA1F0B51F2FF7810070506F /* PBXContainerItemProxy */ = {
			isa = PBXContainerItemProxy;
			containerPortal = CBA1F0A51F2FF7810070506F /* ReactiveSwift.xcodeproj */;
			proxyType = 2;
			remoteGlobalIDString = D047261619E49F82006002AA;
			remoteInfo = "ReactiveSwift-iOSTests";
		};
		CBA1F0B71F2FF7810070506F /* PBXContainerItemProxy */ = {
			isa = PBXContainerItemProxy;
			containerPortal = CBA1F0A51F2FF7810070506F /* ReactiveSwift.xcodeproj */;
			proxyType = 2;
			remoteGlobalIDString = A9B315541B3940610001CB9C;
			remoteInfo = "ReactiveSwift-watchOS";
		};
		CBA1F0B91F2FF7810070506F /* PBXContainerItemProxy */ = {
			isa = PBXContainerItemProxy;
			containerPortal = CBA1F0A51F2FF7810070506F /* ReactiveSwift.xcodeproj */;
			proxyType = 2;
			remoteGlobalIDString = 57A4D2411BA13D7A00F7D4B1;
			remoteInfo = "ReactiveSwift-tvOS";
		};
		CBA1F0BB1F2FF7810070506F /* PBXContainerItemProxy */ = {
			isa = PBXContainerItemProxy;
			containerPortal = CBA1F0A51F2FF7810070506F /* ReactiveSwift.xcodeproj */;
			proxyType = 2;
			remoteGlobalIDString = 7DFBED031CDB8C9500EE435B;
			remoteInfo = "ReactiveSwift-tvOSTests";
		};
		CBA1F0C71F2FF7870070506F /* PBXContainerItemProxy */ = {
			isa = PBXContainerItemProxy;
			containerPortal = CBA1F0BD1F2FF7870070506F /* Result.xcodeproj */;
			proxyType = 2;
			remoteGlobalIDString = D45480571A9572F5009D7229;
			remoteInfo = "Result-Mac";
		};
		CBA1F0C91F2FF7870070506F /* PBXContainerItemProxy */ = {
			isa = PBXContainerItemProxy;
			containerPortal = CBA1F0BD1F2FF7870070506F /* Result.xcodeproj */;
			proxyType = 2;
			remoteGlobalIDString = D45480671A9572F5009D7229;
			remoteInfo = "Result-MacTests";
		};
		CBA1F0CB1F2FF7870070506F /* PBXContainerItemProxy */ = {
			isa = PBXContainerItemProxy;
			containerPortal = CBA1F0BD1F2FF7870070506F /* Result.xcodeproj */;
			proxyType = 2;
			remoteGlobalIDString = D454807D1A957361009D7229;
			remoteInfo = "Result-iOS";
		};
		CBA1F0CD1F2FF7870070506F /* PBXContainerItemProxy */ = {
			isa = PBXContainerItemProxy;
			containerPortal = CBA1F0BD1F2FF7870070506F /* Result.xcodeproj */;
			proxyType = 2;
			remoteGlobalIDString = D45480871A957362009D7229;
			remoteInfo = "Result-iOSTests";
		};
		CBA1F0CF1F2FF7870070506F /* PBXContainerItemProxy */ = {
			isa = PBXContainerItemProxy;
			containerPortal = CBA1F0BD1F2FF7870070506F /* Result.xcodeproj */;
			proxyType = 2;
			remoteGlobalIDString = 57FCDE471BA280DC00130C48;
			remoteInfo = "Result-tvOS";
		};
		CBA1F0D11F2FF7870070506F /* PBXContainerItemProxy */ = {
			isa = PBXContainerItemProxy;
			containerPortal = CBA1F0BD1F2FF7870070506F /* Result.xcodeproj */;
			proxyType = 2;
			remoteGlobalIDString = 57FCDE541BA280E000130C48;
			remoteInfo = "Result-tvOSTests";
		};
		CBA1F0D31F2FF7870070506F /* PBXContainerItemProxy */ = {
			isa = PBXContainerItemProxy;
			containerPortal = CBA1F0BD1F2FF7870070506F /* Result.xcodeproj */;
			proxyType = 2;
			remoteGlobalIDString = D03579A31B2B788F005D26AE;
			remoteInfo = "Result-watchOS";
		};
		CBA1F0E01F2FF78C0070506F /* PBXContainerItemProxy */ = {
			isa = PBXContainerItemProxy;
			containerPortal = CBA1F0D51F2FF78C0070506F /* ReSwift.xcodeproj */;
			proxyType = 2;
			remoteGlobalIDString = 625E66831C1FF97E0027C288;
			remoteInfo = "ReSwift-iOS";
		};
		CBA1F0E21F2FF78C0070506F /* PBXContainerItemProxy */ = {
			isa = PBXContainerItemProxy;
			containerPortal = CBA1F0D51F2FF78C0070506F /* ReSwift.xcodeproj */;
			proxyType = 2;
			remoteGlobalIDString = 625E669A1C1FFA3C0027C288;
			remoteInfo = "ReSwift-iOSTests";
		};
		CBA1F0E41F2FF78C0070506F /* PBXContainerItemProxy */ = {
			isa = PBXContainerItemProxy;
			containerPortal = CBA1F0D51F2FF78C0070506F /* ReSwift.xcodeproj */;
			proxyType = 2;
			remoteGlobalIDString = 25DBCF7B1C30C4AA00D63A58;
			remoteInfo = "ReSwift-macOS";
		};
		CBA1F0E61F2FF78C0070506F /* PBXContainerItemProxy */ = {
			isa = PBXContainerItemProxy;
			containerPortal = CBA1F0D51F2FF78C0070506F /* ReSwift.xcodeproj */;
			proxyType = 2;
			remoteGlobalIDString = 25DBCF871C30C4DB00D63A58;
			remoteInfo = "ReSwift-macOSTests";
		};
		CBA1F0E81F2FF78C0070506F /* PBXContainerItemProxy */ = {
			isa = PBXContainerItemProxy;
			containerPortal = CBA1F0D51F2FF78C0070506F /* ReSwift.xcodeproj */;
			proxyType = 2;
			remoteGlobalIDString = 25DBCF4E1C30C18D00D63A58;
			remoteInfo = "ReSwift-tvOS";
		};
		CBA1F0EA1F2FF78C0070506F /* PBXContainerItemProxy */ = {
			isa = PBXContainerItemProxy;
			containerPortal = CBA1F0D51F2FF78C0070506F /* ReSwift.xcodeproj */;
			proxyType = 2;
			remoteGlobalIDString = 25DBCF641C30C1AC00D63A58;
			remoteInfo = "ReSwift-tvOSTests";
		};
		CBA1F0EC1F2FF78C0070506F /* PBXContainerItemProxy */ = {
			isa = PBXContainerItemProxy;
			containerPortal = CBA1F0D51F2FF78C0070506F /* ReSwift.xcodeproj */;
			proxyType = 2;
			remoteGlobalIDString = 25DBCF371C30BF2B00D63A58;
			remoteInfo = "ReSwift-watchOS";
		};
		CBA1F0EE1F2FF78C0070506F /* PBXContainerItemProxy */ = {
			isa = PBXContainerItemProxy;
			containerPortal = CBA1F0D51F2FF78C0070506F /* ReSwift.xcodeproj */;
			proxyType = 2;
			remoteGlobalIDString = 3F13C0E81E7B3E4000D8442C;
			remoteInfo = SwiftLintIntegration;
		};
		CBA1F0F41F2FF7B40070506F /* PBXContainerItemProxy */ = {
			isa = PBXContainerItemProxy;
			containerPortal = CBA1F08D1F2FF7790070506F /* ReactiveCocoa.xcodeproj */;
			proxyType = 1;
			remoteGlobalIDString = D047260B19E49F82006002AA;
			remoteInfo = "ReactiveCocoa-iOS";
		};
		CBA1F0F81F2FF7B40070506F /* PBXContainerItemProxy */ = {
			isa = PBXContainerItemProxy;
			containerPortal = CBA1F0A51F2FF7810070506F /* ReactiveSwift.xcodeproj */;
			proxyType = 1;
			remoteGlobalIDString = D047260B19E49F82006002AA;
			remoteInfo = "ReactiveSwift-iOS";
		};
		CBA1F0FC1F2FF7B40070506F /* PBXContainerItemProxy */ = {
			isa = PBXContainerItemProxy;
			containerPortal = CBA1F0BD1F2FF7870070506F /* Result.xcodeproj */;
			proxyType = 1;
			remoteGlobalIDString = D454807C1A957361009D7229;
			remoteInfo = "Result-iOS";
		};
		CBA1F1001F2FF7B40070506F /* PBXContainerItemProxy */ = {
			isa = PBXContainerItemProxy;
			containerPortal = CBA1F0D51F2FF78C0070506F /* ReSwift.xcodeproj */;
			proxyType = 1;
			remoteGlobalIDString = 625E66821C1FF97E0027C288;
			remoteInfo = "ReSwift-iOS";
		};
/* End PBXContainerItemProxy section */

/* Begin PBXCopyFilesBuildPhase section */
		CB3BE8CB1F2FF3AC000561F7 /* Embed Frameworks */ = {
			isa = PBXCopyFilesBuildPhase;
			buildActionMask = 2147483647;
			dstPath = "";
			dstSubfolderSpec = 10;
			files = (
				CBA1F0FB1F2FF7B40070506F /* Result.framework in Embed Frameworks */,
				CBA1F0FF1F2FF7B40070506F /* ReSwift.framework in Embed Frameworks */,
				CBA1F0F31F2FF7B40070506F /* ReactiveCocoa.framework in Embed Frameworks */,
				CBA1F0F71F2FF7B40070506F /* ReactiveSwift.framework in Embed Frameworks */,
			);
			name = "Embed Frameworks";
			runOnlyForDeploymentPostprocessing = 0;
		};
/* End PBXCopyFilesBuildPhase section */

/* Begin PBXFileReference section */
		CB3BE8AD1F2FF2F4000561F7 /* BoostRemote.app */ = {isa = PBXFileReference; explicitFileType = wrapper.application; includeInIndex = 0; path = BoostRemote.app; sourceTree = BUILT_PRODUCTS_DIR; };
		CB3BE8B01F2FF2F4000561F7 /* AppDelegate.swift */ = {isa = PBXFileReference; lastKnownFileType = sourcecode.swift; path = AppDelegate.swift; sourceTree = "<group>"; };
		CB3BE8B21F2FF2F4000561F7 /* ControllerViewController.swift */ = {isa = PBXFileReference; lastKnownFileType = sourcecode.swift; path = ControllerViewController.swift; sourceTree = "<group>"; };
		CB3BE8B51F2FF2F4000561F7 /* Base */ = {isa = PBXFileReference; lastKnownFileType = file.storyboard; name = Base; path = Base.lproj/Main.storyboard; sourceTree = "<group>"; };
		CB3BE8B71F2FF2F4000561F7 /* Assets.xcassets */ = {isa = PBXFileReference; lastKnownFileType = folder.assetcatalog; path = Assets.xcassets; sourceTree = "<group>"; };
		CB3BE8BA1F2FF2F4000561F7 /* Base */ = {isa = PBXFileReference; lastKnownFileType = file.storyboard; name = Base; path = Base.lproj/LaunchScreen.storyboard; sourceTree = "<group>"; };
		CB3BE8BC1F2FF2F4000561F7 /* Info.plist */ = {isa = PBXFileReference; lastKnownFileType = text.plist.xml; path = Info.plist; sourceTree = "<group>"; };
		CBA1F08D1F2FF7790070506F /* ReactiveCocoa.xcodeproj */ = {isa = PBXFileReference; lastKnownFileType = "wrapper.pb-project"; name = ReactiveCocoa.xcodeproj; path = Carthage/Checkouts/ReactiveCocoa/ReactiveCocoa.xcodeproj; sourceTree = "<group>"; };
		CBA1F0A51F2FF7810070506F /* ReactiveSwift.xcodeproj */ = {isa = PBXFileReference; lastKnownFileType = "wrapper.pb-project"; name = ReactiveSwift.xcodeproj; path = Carthage/Checkouts/ReactiveSwift/ReactiveSwift.xcodeproj; sourceTree = "<group>"; };
		CBA1F0BD1F2FF7870070506F /* Result.xcodeproj */ = {isa = PBXFileReference; lastKnownFileType = "wrapper.pb-project"; name = Result.xcodeproj; path = Carthage/Checkouts/Result/Result.xcodeproj; sourceTree = "<group>"; };
		CBA1F0D51F2FF78C0070506F /* ReSwift.xcodeproj */ = {isa = PBXFileReference; lastKnownFileType = "wrapper.pb-project"; name = ReSwift.xcodeproj; path = Carthage/Checkouts/ReSwift/ReSwift.xcodeproj; sourceTree = "<group>"; };
		CBA1F0F01F2FF79B0070506F /* Cartfile */ = {isa = PBXFileReference; fileEncoding = 4; lastKnownFileType = text; path = Cartfile; sourceTree = "<group>"; };
		CBD94E831F391B3F0037ED71 /* State.swift */ = {isa = PBXFileReference; fileEncoding = 4; lastKnownFileType = sourcecode.swift; path = State.swift; sourceTree = "<group>"; };
		CBD94E851F391D7F0037ED71 /* Action.swift */ = {isa = PBXFileReference; fileEncoding = 4; lastKnownFileType = sourcecode.swift; path = Action.swift; sourceTree = "<group>"; };
		CBD94E871F391E2E0037ED71 /* Reducer.swift */ = {isa = PBXFileReference; fileEncoding = 4; lastKnownFileType = sourcecode.swift; path = Reducer.swift; sourceTree = "<group>"; };
		CBD94E891F392C310037ED71 /* Motor.swift */ = {isa = PBXFileReference; fileEncoding = 4; lastKnownFileType = sourcecode.swift; path = Motor.swift; sourceTree = "<group>"; };
		CBD94E8B1F3936A60037ED71 /* Command.swift */ = {isa = PBXFileReference; fileEncoding = 4; lastKnownFileType = sourcecode.swift; path = Command.swift; sourceTree = "<group>"; };
		CBF9D2B81F3CACA800B97E11 /* MoveHubManager.swift */ = {isa = PBXFileReference; fileEncoding = 4; lastKnownFileType = sourcecode.swift; path = MoveHubManager.swift; sourceTree = "<group>"; };
		CBF9D2D31F3CB0DD00B97E11 /* CoreBluetooth+Extension.swift */ = {isa = PBXFileReference; fileEncoding = 4; lastKnownFileType = sourcecode.swift; path = "CoreBluetooth+Extension.swift"; sourceTree = "<group>"; };
		CBF9D2D51F3CB52800B97E11 /* MoveHubService.swift */ = {isa = PBXFileReference; fileEncoding = 4; lastKnownFileType = sourcecode.swift; path = MoveHubService.swift; sourceTree = "<group>"; };
		CBF9D2EF1F3CCA6E00B97E11 /* Port.swift */ = {isa = PBXFileReference; fileEncoding = 4; lastKnownFileType = sourcecode.swift; path = Port.swift; sourceTree = "<group>"; };
		CBF9D2F11F3CCA8900B97E11 /* DeviceType.swift */ = {isa = PBXFileReference; fileEncoding = 4; lastKnownFileType = sourcecode.swift; path = DeviceType.swift; sourceTree = "<group>"; };
		CBF9D2F31F3CCB0900B97E11 /* Notification.swift */ = {isa = PBXFileReference; fileEncoding = 4; lastKnownFileType = sourcecode.swift; path = Notification.swift; sourceTree = "<group>"; };
/* End PBXFileReference section */

/* Begin PBXFrameworksBuildPhase section */
		CB3BE8AA1F2FF2F4000561F7 /* Frameworks */ = {
			isa = PBXFrameworksBuildPhase;
			buildActionMask = 2147483647;
			files = (
				CBA1F0FA1F2FF7B40070506F /* Result.framework in Frameworks */,
				CBA1F0FE1F2FF7B40070506F /* ReSwift.framework in Frameworks */,
				CBA1F0F21F2FF7B40070506F /* ReactiveCocoa.framework in Frameworks */,
				CBA1F0F61F2FF7B40070506F /* ReactiveSwift.framework in Frameworks */,
			);
			runOnlyForDeploymentPostprocessing = 0;
		};
/* End PBXFrameworksBuildPhase section */

/* Begin PBXGroup section */
		CB3BE8A41F2FF2F4000561F7 = {
			isa = PBXGroup;
			children = (
				CB3BE8AF1F2FF2F4000561F7 /* BoostRemote */,
				CB3BE8CE1F2FF580000561F7 /* Carthage */,
				CB3BE8AE1F2FF2F4000561F7 /* Products */,
			);
			sourceTree = "<group>";
		};
		CB3BE8AE1F2FF2F4000561F7 /* Products */ = {
			isa = PBXGroup;
			children = (
				CB3BE8AD1F2FF2F4000561F7 /* BoostRemote.app */,
			);
			name = Products;
			sourceTree = "<group>";
		};
		CB3BE8AF1F2FF2F4000561F7 /* BoostRemote */ = {
			isa = PBXGroup;
			children = (
				CB3BE8B01F2FF2F4000561F7 /* AppDelegate.swift */,
				CB3BE8B41F2FF2F4000561F7 /* Main.storyboard */,
				CB3BE8B21F2FF2F4000561F7 /* ControllerViewController.swift */,
				CBF9D2B81F3CACA800B97E11 /* MoveHubManager.swift */,
				CBF9D2D31F3CB0DD00B97E11 /* CoreBluetooth+Extension.swift */,
				CBF9D2D81F3CB63300B97E11 /* Redux */,
				CBF9D2D71F3CB62700B97E11 /* MoveHub */,
				CB3BE8B71F2FF2F4000561F7 /* Assets.xcassets */,
				CB3BE8B91F2FF2F4000561F7 /* LaunchScreen.storyboard */,
				CB3BE8BC1F2FF2F4000561F7 /* Info.plist */,
			);
			path = BoostRemote;
			sourceTree = "<group>";
		};
		CB3BE8CE1F2FF580000561F7 /* Carthage */ = {
			isa = PBXGroup;
			children = (
				CBA1F0F01F2FF79B0070506F /* Cartfile */,
				CBA1F08D1F2FF7790070506F /* ReactiveCocoa.xcodeproj */,
				CBA1F0A51F2FF7810070506F /* ReactiveSwift.xcodeproj */,
				CBA1F0BD1F2FF7870070506F /* Result.xcodeproj */,
				CBA1F0D51F2FF78C0070506F /* ReSwift.xcodeproj */,
			);
			name = Carthage;
			sourceTree = "<group>";
		};
		CBA1F08E1F2FF7790070506F /* Products */ = {
			isa = PBXGroup;
			children = (
				CBA1F0981F2FF7790070506F /* ReactiveCocoa.framework */,
				CBA1F09A1F2FF7790070506F /* ReactiveCocoaTests.xctest */,
				CBA1F09C1F2FF7790070506F /* ReactiveCocoa.framework */,
				CBA1F09E1F2FF7790070506F /* ReactiveCocoaTests.xctest */,
				CBA1F0A01F2FF7790070506F /* ReactiveCocoa.framework */,
				CBA1F0A21F2FF7790070506F /* ReactiveCocoa.framework */,
				CBA1F0A41F2FF7790070506F /* ReactiveCocoaTests.xctest */,
			);
			name = Products;
			sourceTree = "<group>";
		};
		CBA1F0A61F2FF7810070506F /* Products */ = {
			isa = PBXGroup;
			children = (
				CBA1F0B01F2FF7810070506F /* ReactiveSwift.framework */,
				CBA1F0B21F2FF7810070506F /* ReactiveSwiftTests.xctest */,
				CBA1F0B41F2FF7810070506F /* ReactiveSwift.framework */,
				CBA1F0B61F2FF7810070506F /* ReactiveSwiftTests.xctest */,
				CBA1F0B81F2FF7810070506F /* ReactiveSwift.framework */,
				CBA1F0BA1F2FF7810070506F /* ReactiveSwift.framework */,
				CBA1F0BC1F2FF7810070506F /* ReactiveSwiftTests.xctest */,
			);
			name = Products;
			sourceTree = "<group>";
		};
		CBA1F0BE1F2FF7870070506F /* Products */ = {
			isa = PBXGroup;
			children = (
				CBA1F0C81F2FF7870070506F /* Result.framework */,
				CBA1F0CA1F2FF7870070506F /* Result-MacTests.xctest */,
				CBA1F0CC1F2FF7870070506F /* Result.framework */,
				CBA1F0CE1F2FF7870070506F /* Result-iOSTests.xctest */,
				CBA1F0D01F2FF7870070506F /* Result.framework */,
				CBA1F0D21F2FF7870070506F /* Result-tvOSTests.xctest */,
				CBA1F0D41F2FF7870070506F /* Result.framework */,
			);
			name = Products;
			sourceTree = "<group>";
		};
		CBA1F0D61F2FF78C0070506F /* Products */ = {
			isa = PBXGroup;
			children = (
				CBA1F0E11F2FF78C0070506F /* ReSwift.framework */,
				CBA1F0E31F2FF78C0070506F /* ReSwift-iOSTests.xctest */,
				CBA1F0E51F2FF78C0070506F /* ReSwift.framework */,
				CBA1F0E71F2FF78C0070506F /* ReSwift-macOSTests.xctest */,
				CBA1F0E91F2FF78C0070506F /* ReSwift.framework */,
				CBA1F0EB1F2FF78C0070506F /* ReSwift-tvOSTests.xctest */,
				CBA1F0ED1F2FF78C0070506F /* ReSwift.framework */,
				CBA1F0EF1F2FF78C0070506F /* SwiftLintIntegration.xctest */,
			);
			name = Products;
			sourceTree = "<group>";
		};
		CBF9D2D71F3CB62700B97E11 /* MoveHub */ = {
			isa = PBXGroup;
			children = (
				CBF9D2D51F3CB52800B97E11 /* MoveHubService.swift */,
				CBD94E8B1F3936A60037ED71 /* Command.swift */,
				CBF9D2F31F3CCB0900B97E11 /* Notification.swift */,
				CBD94E891F392C310037ED71 /* Motor.swift */,
				CBF9D2EF1F3CCA6E00B97E11 /* Port.swift */,
				CBF9D2F11F3CCA8900B97E11 /* DeviceType.swift */,
			);
			name = MoveHub;
			sourceTree = "<group>";
		};
		CBF9D2D81F3CB63300B97E11 /* Redux */ = {
			isa = PBXGroup;
			children = (
				CBD94E831F391B3F0037ED71 /* State.swift */,
				CBD94E851F391D7F0037ED71 /* Action.swift */,
				CBD94E871F391E2E0037ED71 /* Reducer.swift */,
			);
			name = Redux;
			sourceTree = "<group>";
		};
/* End PBXGroup section */

/* Begin PBXNativeTarget section */
		CB3BE8AC1F2FF2F4000561F7 /* BoostRemote */ = {
			isa = PBXNativeTarget;
			buildConfigurationList = CB3BE8BF1F2FF2F4000561F7 /* Build configuration list for PBXNativeTarget "BoostRemote" */;
			buildPhases = (
				CB3BE8A91F2FF2F4000561F7 /* Sources */,
				CB3BE8AA1F2FF2F4000561F7 /* Frameworks */,
				CB3BE8AB1F2FF2F4000561F7 /* Resources */,
				CB3BE8CB1F2FF3AC000561F7 /* Embed Frameworks */,
			);
			buildRules = (
			);
			dependencies = (
				CBA1F0F51F2FF7B40070506F /* PBXTargetDependency */,
				CBA1F0F91F2FF7B40070506F /* PBXTargetDependency */,
				CBA1F0FD1F2FF7B40070506F /* PBXTargetDependency */,
				CBA1F1011F2FF7B40070506F /* PBXTargetDependency */,
			);
			name = BoostRemote;
			productName = BoostRemote;
			productReference = CB3BE8AD1F2FF2F4000561F7 /* BoostRemote.app */;
			productType = "com.apple.product-type.application";
		};
/* End PBXNativeTarget section */

/* Begin PBXProject section */
		CB3BE8A51F2FF2F4000561F7 /* Project object */ = {
			isa = PBXProject;
			attributes = {
				LastSwiftUpdateCheck = 0830;
				LastUpgradeCheck = 0830;
				ORGANIZATIONNAME = bricklife.com;
				TargetAttributes = {
					CB3BE8AC1F2FF2F4000561F7 = {
						CreatedOnToolsVersion = 8.3.3;
						ProvisioningStyle = Automatic;
					};
				};
			};
			buildConfigurationList = CB3BE8A81F2FF2F4000561F7 /* Build configuration list for PBXProject "BoostRemote" */;
			compatibilityVersion = "Xcode 3.2";
			developmentRegion = English;
			hasScannedForEncodings = 0;
			knownRegions = (
				en,
				Base,
			);
			mainGroup = CB3BE8A41F2FF2F4000561F7;
			productRefGroup = CB3BE8AE1F2FF2F4000561F7 /* Products */;
			projectDirPath = "";
			projectReferences = (
				{
					ProductGroup = CBA1F08E1F2FF7790070506F /* Products */;
					ProjectRef = CBA1F08D1F2FF7790070506F /* ReactiveCocoa.xcodeproj */;
				},
				{
					ProductGroup = CBA1F0A61F2FF7810070506F /* Products */;
					ProjectRef = CBA1F0A51F2FF7810070506F /* ReactiveSwift.xcodeproj */;
				},
				{
					ProductGroup = CBA1F0BE1F2FF7870070506F /* Products */;
					ProjectRef = CBA1F0BD1F2FF7870070506F /* Result.xcodeproj */;
				},
				{
					ProductGroup = CBA1F0D61F2FF78C0070506F /* Products */;
					ProjectRef = CBA1F0D51F2FF78C0070506F /* ReSwift.xcodeproj */;
				},
			);
			projectRoot = "";
			targets = (
				CB3BE8AC1F2FF2F4000561F7 /* BoostRemote */,
			);
		};
/* End PBXProject section */

/* Begin PBXReferenceProxy section */
		CBA1F0981F2FF7790070506F /* ReactiveCocoa.framework */ = {
			isa = PBXReferenceProxy;
			fileType = wrapper.framework;
			path = ReactiveCocoa.framework;
			remoteRef = CBA1F0971F2FF7790070506F /* PBXContainerItemProxy */;
			sourceTree = BUILT_PRODUCTS_DIR;
		};
		CBA1F09A1F2FF7790070506F /* ReactiveCocoaTests.xctest */ = {
			isa = PBXReferenceProxy;
			fileType = wrapper.cfbundle;
			path = ReactiveCocoaTests.xctest;
			remoteRef = CBA1F0991F2FF7790070506F /* PBXContainerItemProxy */;
			sourceTree = BUILT_PRODUCTS_DIR;
		};
		CBA1F09C1F2FF7790070506F /* ReactiveCocoa.framework */ = {
			isa = PBXReferenceProxy;
			fileType = wrapper.framework;
			path = ReactiveCocoa.framework;
			remoteRef = CBA1F09B1F2FF7790070506F /* PBXContainerItemProxy */;
			sourceTree = BUILT_PRODUCTS_DIR;
		};
		CBA1F09E1F2FF7790070506F /* ReactiveCocoaTests.xctest */ = {
			isa = PBXReferenceProxy;
			fileType = wrapper.cfbundle;
			path = ReactiveCocoaTests.xctest;
			remoteRef = CBA1F09D1F2FF7790070506F /* PBXContainerItemProxy */;
			sourceTree = BUILT_PRODUCTS_DIR;
		};
		CBA1F0A01F2FF7790070506F /* ReactiveCocoa.framework */ = {
			isa = PBXReferenceProxy;
			fileType = wrapper.framework;
			path = ReactiveCocoa.framework;
			remoteRef = CBA1F09F1F2FF7790070506F /* PBXContainerItemProxy */;
			sourceTree = BUILT_PRODUCTS_DIR;
		};
		CBA1F0A21F2FF7790070506F /* ReactiveCocoa.framework */ = {
			isa = PBXReferenceProxy;
			fileType = wrapper.framework;
			path = ReactiveCocoa.framework;
			remoteRef = CBA1F0A11F2FF7790070506F /* PBXContainerItemProxy */;
			sourceTree = BUILT_PRODUCTS_DIR;
		};
		CBA1F0A41F2FF7790070506F /* ReactiveCocoaTests.xctest */ = {
			isa = PBXReferenceProxy;
			fileType = wrapper.cfbundle;
			path = ReactiveCocoaTests.xctest;
			remoteRef = CBA1F0A31F2FF7790070506F /* PBXContainerItemProxy */;
			sourceTree = BUILT_PRODUCTS_DIR;
		};
		CBA1F0B01F2FF7810070506F /* ReactiveSwift.framework */ = {
			isa = PBXReferenceProxy;
			fileType = wrapper.framework;
			path = ReactiveSwift.framework;
			remoteRef = CBA1F0AF1F2FF7810070506F /* PBXContainerItemProxy */;
			sourceTree = BUILT_PRODUCTS_DIR;
		};
		CBA1F0B21F2FF7810070506F /* ReactiveSwiftTests.xctest */ = {
			isa = PBXReferenceProxy;
			fileType = wrapper.cfbundle;
			path = ReactiveSwiftTests.xctest;
			remoteRef = CBA1F0B11F2FF7810070506F /* PBXContainerItemProxy */;
			sourceTree = BUILT_PRODUCTS_DIR;
		};
		CBA1F0B41F2FF7810070506F /* ReactiveSwift.framework */ = {
			isa = PBXReferenceProxy;
			fileType = wrapper.framework;
			path = ReactiveSwift.framework;
			remoteRef = CBA1F0B31F2FF7810070506F /* PBXContainerItemProxy */;
			sourceTree = BUILT_PRODUCTS_DIR;
		};
		CBA1F0B61F2FF7810070506F /* ReactiveSwiftTests.xctest */ = {
			isa = PBXReferenceProxy;
			fileType = wrapper.cfbundle;
			path = ReactiveSwiftTests.xctest;
			remoteRef = CBA1F0B51F2FF7810070506F /* PBXContainerItemProxy */;
			sourceTree = BUILT_PRODUCTS_DIR;
		};
		CBA1F0B81F2FF7810070506F /* ReactiveSwift.framework */ = {
			isa = PBXReferenceProxy;
			fileType = wrapper.framework;
			path = ReactiveSwift.framework;
			remoteRef = CBA1F0B71F2FF7810070506F /* PBXContainerItemProxy */;
			sourceTree = BUILT_PRODUCTS_DIR;
		};
		CBA1F0BA1F2FF7810070506F /* ReactiveSwift.framework */ = {
			isa = PBXReferenceProxy;
			fileType = wrapper.framework;
			path = ReactiveSwift.framework;
			remoteRef = CBA1F0B91F2FF7810070506F /* PBXContainerItemProxy */;
			sourceTree = BUILT_PRODUCTS_DIR;
		};
		CBA1F0BC1F2FF7810070506F /* ReactiveSwiftTests.xctest */ = {
			isa = PBXReferenceProxy;
			fileType = wrapper.cfbundle;
			path = ReactiveSwiftTests.xctest;
			remoteRef = CBA1F0BB1F2FF7810070506F /* PBXContainerItemProxy */;
			sourceTree = BUILT_PRODUCTS_DIR;
		};
		CBA1F0C81F2FF7870070506F /* Result.framework */ = {
			isa = PBXReferenceProxy;
			fileType = wrapper.framework;
			path = Result.framework;
			remoteRef = CBA1F0C71F2FF7870070506F /* PBXContainerItemProxy */;
			sourceTree = BUILT_PRODUCTS_DIR;
		};
		CBA1F0CA1F2FF7870070506F /* Result-MacTests.xctest */ = {
			isa = PBXReferenceProxy;
			fileType = wrapper.cfbundle;
			path = "Result-MacTests.xctest";
			remoteRef = CBA1F0C91F2FF7870070506F /* PBXContainerItemProxy */;
			sourceTree = BUILT_PRODUCTS_DIR;
		};
		CBA1F0CC1F2FF7870070506F /* Result.framework */ = {
			isa = PBXReferenceProxy;
			fileType = wrapper.framework;
			path = Result.framework;
			remoteRef = CBA1F0CB1F2FF7870070506F /* PBXContainerItemProxy */;
			sourceTree = BUILT_PRODUCTS_DIR;
		};
		CBA1F0CE1F2FF7870070506F /* Result-iOSTests.xctest */ = {
			isa = PBXReferenceProxy;
			fileType = wrapper.cfbundle;
			path = "Result-iOSTests.xctest";
			remoteRef = CBA1F0CD1F2FF7870070506F /* PBXContainerItemProxy */;
			sourceTree = BUILT_PRODUCTS_DIR;
		};
		CBA1F0D01F2FF7870070506F /* Result.framework */ = {
			isa = PBXReferenceProxy;
			fileType = wrapper.framework;
			path = Result.framework;
			remoteRef = CBA1F0CF1F2FF7870070506F /* PBXContainerItemProxy */;
			sourceTree = BUILT_PRODUCTS_DIR;
		};
		CBA1F0D21F2FF7870070506F /* Result-tvOSTests.xctest */ = {
			isa = PBXReferenceProxy;
			fileType = wrapper.cfbundle;
			path = "Result-tvOSTests.xctest";
			remoteRef = CBA1F0D11F2FF7870070506F /* PBXContainerItemProxy */;
			sourceTree = BUILT_PRODUCTS_DIR;
		};
		CBA1F0D41F2FF7870070506F /* Result.framework */ = {
			isa = PBXReferenceProxy;
			fileType = wrapper.framework;
			path = Result.framework;
			remoteRef = CBA1F0D31F2FF7870070506F /* PBXContainerItemProxy */;
			sourceTree = BUILT_PRODUCTS_DIR;
		};
		CBA1F0E11F2FF78C0070506F /* ReSwift.framework */ = {
			isa = PBXReferenceProxy;
			fileType = wrapper.framework;
			path = ReSwift.framework;
			remoteRef = CBA1F0E01F2FF78C0070506F /* PBXContainerItemProxy */;
			sourceTree = BUILT_PRODUCTS_DIR;
		};
		CBA1F0E31F2FF78C0070506F /* ReSwift-iOSTests.xctest */ = {
			isa = PBXReferenceProxy;
			fileType = wrapper.cfbundle;
			path = "ReSwift-iOSTests.xctest";
			remoteRef = CBA1F0E21F2FF78C0070506F /* PBXContainerItemProxy */;
			sourceTree = BUILT_PRODUCTS_DIR;
		};
		CBA1F0E51F2FF78C0070506F /* ReSwift.framework */ = {
			isa = PBXReferenceProxy;
			fileType = wrapper.framework;
			path = ReSwift.framework;
			remoteRef = CBA1F0E41F2FF78C0070506F /* PBXContainerItemProxy */;
			sourceTree = BUILT_PRODUCTS_DIR;
		};
		CBA1F0E71F2FF78C0070506F /* ReSwift-macOSTests.xctest */ = {
			isa = PBXReferenceProxy;
			fileType = wrapper.cfbundle;
			path = "ReSwift-macOSTests.xctest";
			remoteRef = CBA1F0E61F2FF78C0070506F /* PBXContainerItemProxy */;
			sourceTree = BUILT_PRODUCTS_DIR;
		};
		CBA1F0E91F2FF78C0070506F /* ReSwift.framework */ = {
			isa = PBXReferenceProxy;
			fileType = wrapper.framework;
			path = ReSwift.framework;
			remoteRef = CBA1F0E81F2FF78C0070506F /* PBXContainerItemProxy */;
			sourceTree = BUILT_PRODUCTS_DIR;
		};
		CBA1F0EB1F2FF78C0070506F /* ReSwift-tvOSTests.xctest */ = {
			isa = PBXReferenceProxy;
			fileType = wrapper.cfbundle;
			path = "ReSwift-tvOSTests.xctest";
			remoteRef = CBA1F0EA1F2FF78C0070506F /* PBXContainerItemProxy */;
			sourceTree = BUILT_PRODUCTS_DIR;
		};
		CBA1F0ED1F2FF78C0070506F /* ReSwift.framework */ = {
			isa = PBXReferenceProxy;
			fileType = wrapper.framework;
			path = ReSwift.framework;
			remoteRef = CBA1F0EC1F2FF78C0070506F /* PBXContainerItemProxy */;
			sourceTree = BUILT_PRODUCTS_DIR;
		};
		CBA1F0EF1F2FF78C0070506F /* SwiftLintIntegration.xctest */ = {
			isa = PBXReferenceProxy;
			fileType = wrapper.cfbundle;
			path = SwiftLintIntegration.xctest;
			remoteRef = CBA1F0EE1F2FF78C0070506F /* PBXContainerItemProxy */;
			sourceTree = BUILT_PRODUCTS_DIR;
		};
/* End PBXReferenceProxy section */

/* Begin PBXResourcesBuildPhase section */
		CB3BE8AB1F2FF2F4000561F7 /* Resources */ = {
			isa = PBXResourcesBuildPhase;
			buildActionMask = 2147483647;
			files = (
				CB3BE8BB1F2FF2F4000561F7 /* LaunchScreen.storyboard in Resources */,
				CB3BE8B81F2FF2F4000561F7 /* Assets.xcassets in Resources */,
				CBA1F0F11F2FF79B0070506F /* Cartfile in Resources */,
				CB3BE8B61F2FF2F4000561F7 /* Main.storyboard in Resources */,
			);
			runOnlyForDeploymentPostprocessing = 0;
		};
/* End PBXResourcesBuildPhase section */

/* Begin PBXSourcesBuildPhase section */
		CB3BE8A91F2FF2F4000561F7 /* Sources */ = {
			isa = PBXSourcesBuildPhase;
			buildActionMask = 2147483647;
			files = (
				CBF9D2B91F3CACA800B97E11 /* MoveHubManager.swift in Sources */,
				CB3BE8B31F2FF2F4000561F7 /* ControllerViewController.swift in Sources */,
				CBD94E8A1F392C310037ED71 /* Motor.swift in Sources */,
				CBD94E861F391D7F0037ED71 /* Action.swift in Sources */,
				CB3BE8B11F2FF2F4000561F7 /* AppDelegate.swift in Sources */,
				CBD94E8C1F3936A60037ED71 /* Command.swift in Sources */,
				CBF9D2F21F3CCA8900B97E11 /* DeviceType.swift in Sources */,
				CBF9D2F41F3CCB0900B97E11 /* Notification.swift in Sources */,
				CBD94E881F391E2E0037ED71 /* Reducer.swift in Sources */,
				CBD94E841F391B3F0037ED71 /* State.swift in Sources */,
				CBF9D2F01F3CCA6E00B97E11 /* Port.swift in Sources */,
				CBF9D2D61F3CB52800B97E11 /* MoveHubService.swift in Sources */,
				CBF9D2D41F3CB0DD00B97E11 /* CoreBluetooth+Extension.swift in Sources */,
			);
			runOnlyForDeploymentPostprocessing = 0;
		};
/* End PBXSourcesBuildPhase section */

/* Begin PBXTargetDependency section */
		CBA1F0F51F2FF7B40070506F /* PBXTargetDependency */ = {
			isa = PBXTargetDependency;
			name = "ReactiveCocoa-iOS";
			targetProxy = CBA1F0F41F2FF7B40070506F /* PBXContainerItemProxy */;
		};
		CBA1F0F91F2FF7B40070506F /* PBXTargetDependency */ = {
			isa = PBXTargetDependency;
			name = "ReactiveSwift-iOS";
			targetProxy = CBA1F0F81F2FF7B40070506F /* PBXContainerItemProxy */;
		};
		CBA1F0FD1F2FF7B40070506F /* PBXTargetDependency */ = {
			isa = PBXTargetDependency;
			name = "Result-iOS";
			targetProxy = CBA1F0FC1F2FF7B40070506F /* PBXContainerItemProxy */;
		};
		CBA1F1011F2FF7B40070506F /* PBXTargetDependency */ = {
			isa = PBXTargetDependency;
			name = "ReSwift-iOS";
			targetProxy = CBA1F1001F2FF7B40070506F /* PBXContainerItemProxy */;
		};
/* End PBXTargetDependency section */

/* Begin PBXVariantGroup section */
		CB3BE8B41F2FF2F4000561F7 /* Main.storyboard */ = {
			isa = PBXVariantGroup;
			children = (
				CB3BE8B51F2FF2F4000561F7 /* Base */,
			);
			name = Main.storyboard;
			sourceTree = "<group>";
		};
		CB3BE8B91F2FF2F4000561F7 /* LaunchScreen.storyboard */ = {
			isa = PBXVariantGroup;
			children = (
				CB3BE8BA1F2FF2F4000561F7 /* Base */,
			);
			name = LaunchScreen.storyboard;
			sourceTree = "<group>";
		};
/* End PBXVariantGroup section */

/* Begin XCBuildConfiguration section */
		CB3BE8BD1F2FF2F4000561F7 /* Debug */ = {
			isa = XCBuildConfiguration;
			buildSettings = {
				ALWAYS_SEARCH_USER_PATHS = NO;
				CLANG_ANALYZER_NONNULL = YES;
				CLANG_ANALYZER_NUMBER_OBJECT_CONVERSION = YES_AGGRESSIVE;
				CLANG_CXX_LANGUAGE_STANDARD = "gnu++0x";
				CLANG_CXX_LIBRARY = "libc++";
				CLANG_ENABLE_MODULES = YES;
				CLANG_ENABLE_OBJC_ARC = YES;
				CLANG_WARN_BOOL_CONVERSION = YES;
				CLANG_WARN_CONSTANT_CONVERSION = YES;
				CLANG_WARN_DIRECT_OBJC_ISA_USAGE = YES_ERROR;
				CLANG_WARN_DOCUMENTATION_COMMENTS = YES;
				CLANG_WARN_EMPTY_BODY = YES;
				CLANG_WARN_ENUM_CONVERSION = YES;
				CLANG_WARN_INFINITE_RECURSION = YES;
				CLANG_WARN_INT_CONVERSION = YES;
				CLANG_WARN_OBJC_ROOT_CLASS = YES_ERROR;
				CLANG_WARN_SUSPICIOUS_MOVE = YES;
				CLANG_WARN_UNREACHABLE_CODE = YES;
				CLANG_WARN__DUPLICATE_METHOD_MATCH = YES;
				"CODE_SIGN_IDENTITY[sdk=iphoneos*]" = "iPhone Developer";
				COPY_PHASE_STRIP = NO;
				DEBUG_INFORMATION_FORMAT = dwarf;
				ENABLE_STRICT_OBJC_MSGSEND = YES;
				ENABLE_TESTABILITY = YES;
				GCC_C_LANGUAGE_STANDARD = gnu99;
				GCC_DYNAMIC_NO_PIC = NO;
				GCC_NO_COMMON_BLOCKS = YES;
				GCC_OPTIMIZATION_LEVEL = 0;
				GCC_PREPROCESSOR_DEFINITIONS = (
					"DEBUG=1",
					"$(inherited)",
				);
				GCC_WARN_64_TO_32_BIT_CONVERSION = YES;
				GCC_WARN_ABOUT_RETURN_TYPE = YES_ERROR;
				GCC_WARN_UNDECLARED_SELECTOR = YES;
				GCC_WARN_UNINITIALIZED_AUTOS = YES_AGGRESSIVE;
				GCC_WARN_UNUSED_FUNCTION = YES;
				GCC_WARN_UNUSED_VARIABLE = YES;
				IPHONEOS_DEPLOYMENT_TARGET = 9.0;
				MTL_ENABLE_DEBUG_INFO = YES;
				ONLY_ACTIVE_ARCH = YES;
				SDKROOT = iphoneos;
				SWIFT_ACTIVE_COMPILATION_CONDITIONS = DEBUG;
				SWIFT_OPTIMIZATION_LEVEL = "-Onone";
				TARGETED_DEVICE_FAMILY = "1,2";
			};
			name = Debug;
		};
		CB3BE8BE1F2FF2F4000561F7 /* Release */ = {
			isa = XCBuildConfiguration;
			buildSettings = {
				ALWAYS_SEARCH_USER_PATHS = NO;
				CLANG_ANALYZER_NONNULL = YES;
				CLANG_ANALYZER_NUMBER_OBJECT_CONVERSION = YES_AGGRESSIVE;
				CLANG_CXX_LANGUAGE_STANDARD = "gnu++0x";
				CLANG_CXX_LIBRARY = "libc++";
				CLANG_ENABLE_MODULES = YES;
				CLANG_ENABLE_OBJC_ARC = YES;
				CLANG_WARN_BOOL_CONVERSION = YES;
				CLANG_WARN_CONSTANT_CONVERSION = YES;
				CLANG_WARN_DIRECT_OBJC_ISA_USAGE = YES_ERROR;
				CLANG_WARN_DOCUMENTATION_COMMENTS = YES;
				CLANG_WARN_EMPTY_BODY = YES;
				CLANG_WARN_ENUM_CONVERSION = YES;
				CLANG_WARN_INFINITE_RECURSION = YES;
				CLANG_WARN_INT_CONVERSION = YES;
				CLANG_WARN_OBJC_ROOT_CLASS = YES_ERROR;
				CLANG_WARN_SUSPICIOUS_MOVE = YES;
				CLANG_WARN_UNREACHABLE_CODE = YES;
				CLANG_WARN__DUPLICATE_METHOD_MATCH = YES;
				"CODE_SIGN_IDENTITY[sdk=iphoneos*]" = "iPhone Developer";
				COPY_PHASE_STRIP = NO;
				DEBUG_INFORMATION_FORMAT = "dwarf-with-dsym";
				ENABLE_NS_ASSERTIONS = NO;
				ENABLE_STRICT_OBJC_MSGSEND = YES;
				GCC_C_LANGUAGE_STANDARD = gnu99;
				GCC_NO_COMMON_BLOCKS = YES;
				GCC_WARN_64_TO_32_BIT_CONVERSION = YES;
				GCC_WARN_ABOUT_RETURN_TYPE = YES_ERROR;
				GCC_WARN_UNDECLARED_SELECTOR = YES;
				GCC_WARN_UNINITIALIZED_AUTOS = YES_AGGRESSIVE;
				GCC_WARN_UNUSED_FUNCTION = YES;
				GCC_WARN_UNUSED_VARIABLE = YES;
				IPHONEOS_DEPLOYMENT_TARGET = 9.0;
				MTL_ENABLE_DEBUG_INFO = NO;
				SDKROOT = iphoneos;
				SWIFT_OPTIMIZATION_LEVEL = "-Owholemodule";
				TARGETED_DEVICE_FAMILY = "1,2";
				VALIDATE_PRODUCT = YES;
			};
			name = Release;
		};
		CB3BE8C01F2FF2F4000561F7 /* Debug */ = {
			isa = XCBuildConfiguration;
			buildSettings = {
				ALWAYS_EMBED_SWIFT_STANDARD_LIBRARIES = YES;
				ASSETCATALOG_COMPILER_APPICON_NAME = AppIcon;
				FRAMEWORK_SEARCH_PATHS = (
					"$(inherited)",
					"$(PROJECT_DIR)/Carthage/Build/iOS",
				);
				INFOPLIST_FILE = BoostRemote/Info.plist;
				LD_RUNPATH_SEARCH_PATHS = "$(inherited) @executable_path/Frameworks";
				PRODUCT_BUNDLE_IDENTIFIER = com.bricklife.ios.BoostRemote;
				PRODUCT_NAME = "$(TARGET_NAME)";
				SWIFT_VERSION = 3.0;
			};
			name = Debug;
		};
		CB3BE8C11F2FF2F4000561F7 /* Release */ = {
			isa = XCBuildConfiguration;
			buildSettings = {
				ALWAYS_EMBED_SWIFT_STANDARD_LIBRARIES = YES;
				ASSETCATALOG_COMPILER_APPICON_NAME = AppIcon;
				FRAMEWORK_SEARCH_PATHS = (
					"$(inherited)",
					"$(PROJECT_DIR)/Carthage/Build/iOS",
				);
				INFOPLIST_FILE = BoostRemote/Info.plist;
				LD_RUNPATH_SEARCH_PATHS = "$(inherited) @executable_path/Frameworks";
				PRODUCT_BUNDLE_IDENTIFIER = com.bricklife.ios.BoostRemote;
				PRODUCT_NAME = "$(TARGET_NAME)";
				SWIFT_VERSION = 3.0;
			};
			name = Release;
		};
/* End XCBuildConfiguration section */

/* Begin XCConfigurationList section */
		CB3BE8A81F2FF2F4000561F7 /* Build configuration list for PBXProject "BoostRemote" */ = {
			isa = XCConfigurationList;
			buildConfigurations = (
				CB3BE8BD1F2FF2F4000561F7 /* Debug */,
				CB3BE8BE1F2FF2F4000561F7 /* Release */,
			);
			defaultConfigurationIsVisible = 0;
			defaultConfigurationName = Release;
		};
		CB3BE8BF1F2FF2F4000561F7 /* Build configuration list for PBXNativeTarget "BoostRemote" */ = {
			isa = XCConfigurationList;
			buildConfigurations = (
				CB3BE8C01F2FF2F4000561F7 /* Debug */,
				CB3BE8C11F2FF2F4000561F7 /* Release */,
			);
			defaultConfigurationIsVisible = 0;
			defaultConfigurationName = Release;
		};
/* End XCConfigurationList section */
	};
	rootObject = CB3BE8A51F2FF2F4000561F7 /* Project object */;
}
